
Microsoft Visual Studio Solution File, Format Version 12.00
Project("{FAE04EC0-301F-11D3-BF4B-00C04F79EFBC}") = "ImLag", "ImLag\ImLag.csproj", "{0257D9B1-17FA-4663-A42D-4CEBA08F0D14}"
EndProject
Global
	GlobalSection(SolutionConfigurationPlatforms) = preSolution
		Debug|Any CPU = Debug|Any CPU
		Release|Any CPU = Release|Any CPU
	EndGlobalSection
	GlobalSection(ProjectConfigurationPlatforms) = postSolution
		{0257D9B1-17FA-4663-A42D-4CEBA08F0D14}.Debug|Any CPU.ActiveCfg = Debug|Any CPU
		{0257D9B1-17FA-4663-A42D-4CEBA08F0D14}.Debug|Any CPU.Build.0 = Debug|Any CPU
		{0257D9B1-17FA-4663-A42D-4CEBA08F0D14}.Release|Any CPU.ActiveCfg = Release|Any CPU
		{0257D9B1-17FA-4663-A42D-4CEBA08F0D14}.Release|Any CPU.Build.0 = Release|Any CPU
	EndGlobalSection
EndGlobal
